// !$*UTF8*$!
{
	archiveVersion = 1;
	classes = {
	};
	objectVersion = 50;
	objects = {

/* Begin PBXBuildFile section */
		043864B9237C2F05001D81E7 /* AppDelegate.swift in Sources */ = {isa = PBXBuildFile; fileRef = 043864B8237C2F05001D81E7 /* AppDelegate.swift */; };
		043864BB237C2F05001D81E7 /* SceneDelegate.swift in Sources */ = {isa = PBXBuildFile; fileRef = 043864BA237C2F05001D81E7 /* SceneDelegate.swift */; };
		043864BD237C2F05001D81E7 /* ViewController.swift in Sources */ = {isa = PBXBuildFile; fileRef = 043864BC237C2F05001D81E7 /* ViewController.swift */; };
		043864C0237C2F05001D81E7 /* Main.storyboard in Resources */ = {isa = PBXBuildFile; fileRef = 043864BE237C2F05001D81E7 /* Main.storyboard */; };
		043864C2237C2F07001D81E7 /* Assets.xcassets in Resources */ = {isa = PBXBuildFile; fileRef = 043864C1237C2F07001D81E7 /* Assets.xcassets */; };
		043864C5237C2F07001D81E7 /* LaunchScreen.storyboard in Resources */ = {isa = PBXBuildFile; fileRef = 043864C3237C2F07001D81E7 /* LaunchScreen.storyboard */; };
		043864D0237C2F07001D81E7 /* ConsumerAppTests.swift in Sources */ = {isa = PBXBuildFile; fileRef = 043864CF237C2F07001D81E7 /* ConsumerAppTests.swift */; };
		043864DB237C2F07001D81E7 /* ConsumerAppUITests.swift in Sources */ = {isa = PBXBuildFile; fileRef = 043864DA237C2F07001D81E7 /* ConsumerAppUITests.swift */; };
		047A3500238BB04E009A020B /* libLoginStaticLibrary.a in Frameworks */ = {isa = PBXBuildFile; fileRef = 047A34FA238BB04E009A020B /* libLoginStaticLibrary.a */; };
		047A3501238BB04E009A020B /* x86_64-apple-ios-simulator.swiftdoc in Resources */ = {isa = PBXBuildFile; fileRef = 047A34FC238BB04E009A020B /* x86_64-apple-ios-simulator.swiftdoc */; };
		047A3502238BB04E009A020B /* x86_64-apple-ios-simulator.swiftmodule in Resources */ = {isa = PBXBuildFile; fileRef = 047A34FD238BB04E009A020B /* x86_64-apple-ios-simulator.swiftmodule */; };
		047A3503238BB04E009A020B /* x86_64.swiftdoc in Resources */ = {isa = PBXBuildFile; fileRef = 047A34FE238BB04E009A020B /* x86_64.swiftdoc */; };
		047A3504238BB04E009A020B /* x86_64.swiftmodule in Resources */ = {isa = PBXBuildFile; fileRef = 047A34FF238BB04E009A020B /* x86_64.swiftmodule */; };
		047A3506238BB1F1009A020B /* LoginLibraryResourceBundle.bundle in Resources */ = {isa = PBXBuildFile; fileRef = 047A3505238BB1F1009A020B /* LoginLibraryResourceBundle.bundle */; };
/* End PBXBuildFile section */

/* Begin PBXContainerItemProxy section */
		043864CC237C2F07001D81E7 /* PBXContainerItemProxy */ = {
			isa = PBXContainerItemProxy;
			containerPortal = 043864AD237C2F05001D81E7 /* Project object */;
			proxyType = 1;
			remoteGlobalIDString = 043864B4237C2F05001D81E7;
			remoteInfo = ConsumerApp;
		};
		043864D7237C2F07001D81E7 /* PBXContainerItemProxy */ = {
			isa = PBXContainerItemProxy;
			containerPortal = 043864AD237C2F05001D81E7 /* Project object */;
			proxyType = 1;
			remoteGlobalIDString = 043864B4237C2F05001D81E7;
			remoteInfo = ConsumerApp;
		};
/* End PBXContainerItemProxy section */

/* Begin PBXFileReference section */
		043864B5237C2F05001D81E7 /* ConsumerApp.app */ = {isa = PBXFileReference; explicitFileType = wrapper.application; includeInIndex = 0; path = ConsumerApp.app; sourceTree = BUILT_PRODUCTS_DIR; };
		043864B8237C2F05001D81E7 /* AppDelegate.swift */ = {isa = PBXFileReference; lastKnownFileType = sourcecode.swift; path = AppDelegate.swift; sourceTree = "<group>"; };
		043864BA237C2F05001D81E7 /* SceneDelegate.swift */ = {isa = PBXFileReference; lastKnownFileType = sourcecode.swift; path = SceneDelegate.swift; sourceTree = "<group>"; };
		043864BC237C2F05001D81E7 /* ViewController.swift */ = {isa = PBXFileReference; lastKnownFileType = sourcecode.swift; path = ViewController.swift; sourceTree = "<group>"; };
		043864BF237C2F05001D81E7 /* Base */ = {isa = PBXFileReference; lastKnownFileType = file.storyboard; name = Base; path = Base.lproj/Main.storyboard; sourceTree = "<group>"; };
		043864C1237C2F07001D81E7 /* Assets.xcassets */ = {isa = PBXFileReference; lastKnownFileType = folder.assetcatalog; path = Assets.xcassets; sourceTree = "<group>"; };
		043864C4237C2F07001D81E7 /* Base */ = {isa = PBXFileReference; lastKnownFileType = file.storyboard; name = Base; path = Base.lproj/LaunchScreen.storyboard; sourceTree = "<group>"; };
		043864C6237C2F07001D81E7 /* Info.plist */ = {isa = PBXFileReference; lastKnownFileType = text.plist.xml; path = Info.plist; sourceTree = "<group>"; };
		043864CB237C2F07001D81E7 /* ConsumerAppTests.xctest */ = {isa = PBXFileReference; explicitFileType = wrapper.cfbundle; includeInIndex = 0; path = ConsumerAppTests.xctest; sourceTree = BUILT_PRODUCTS_DIR; };
		043864CF237C2F07001D81E7 /* ConsumerAppTests.swift */ = {isa = PBXFileReference; lastKnownFileType = sourcecode.swift; path = ConsumerAppTests.swift; sourceTree = "<group>"; };
		043864D1237C2F07001D81E7 /* Info.plist */ = {isa = PBXFileReference; lastKnownFileType = text.plist.xml; path = Info.plist; sourceTree = "<group>"; };
		043864D6237C2F07001D81E7 /* ConsumerAppUITests.xctest */ = {isa = PBXFileReference; explicitFileType = wrapper.cfbundle; includeInIndex = 0; path = ConsumerAppUITests.xctest; sourceTree = BUILT_PRODUCTS_DIR; };
		043864DA237C2F07001D81E7 /* ConsumerAppUITests.swift */ = {isa = PBXFileReference; lastKnownFileType = sourcecode.swift; path = ConsumerAppUITests.swift; sourceTree = "<group>"; };
		043864DC237C2F07001D81E7 /* Info.plist */ = {isa = PBXFileReference; lastKnownFileType = text.plist.xml; path = Info.plist; sourceTree = "<group>"; };
		047A34FA238BB04E009A020B /* libLoginStaticLibrary.a */ = {isa = PBXFileReference; lastKnownFileType = archive.ar; path = libLoginStaticLibrary.a; sourceTree = "<group>"; };
		047A34FC238BB04E009A020B /* x86_64-apple-ios-simulator.swiftdoc */ = {isa = PBXFileReference; lastKnownFileType = file; path = "x86_64-apple-ios-simulator.swiftdoc"; sourceTree = "<group>"; };
		047A34FD238BB04E009A020B /* x86_64-apple-ios-simulator.swiftmodule */ = {isa = PBXFileReference; lastKnownFileType = file; path = "x86_64-apple-ios-simulator.swiftmodule"; sourceTree = "<group>"; };
		047A34FE238BB04E009A020B /* x86_64.swiftdoc */ = {isa = PBXFileReference; lastKnownFileType = file; path = x86_64.swiftdoc; sourceTree = "<group>"; };
		047A34FF238BB04E009A020B /* x86_64.swiftmodule */ = {isa = PBXFileReference; lastKnownFileType = file; path = x86_64.swiftmodule; sourceTree = "<group>"; };
		047A3505238BB1F1009A020B /* LoginLibraryResourceBundle.bundle */ = {isa = PBXFileReference; lastKnownFileType = "wrapper.plug-in"; path = LoginLibraryResourceBundle.bundle; sourceTree = "<group>"; };
/* End PBXFileReference section */

/* Begin PBXFrameworksBuildPhase section */
		043864B2237C2F05001D81E7 /* Frameworks */ = {
			isa = PBXFrameworksBuildPhase;
			buildActionMask = 2147483647;
			files = (
				047A3500238BB04E009A020B /* libLoginStaticLibrary.a in Frameworks */,
			);
			runOnlyForDeploymentPostprocessing = 0;
		};
		043864C8237C2F07001D81E7 /* Frameworks */ = {
			isa = PBXFrameworksBuildPhase;
			buildActionMask = 2147483647;
			files = (
			);
			runOnlyForDeploymentPostprocessing = 0;
		};
		043864D3237C2F07001D81E7 /* Frameworks */ = {
			isa = PBXFrameworksBuildPhase;
			buildActionMask = 2147483647;
			files = (
			);
			runOnlyForDeploymentPostprocessing = 0;
		};
/* End PBXFrameworksBuildPhase section */

/* Begin PBXGroup section */
		043864AC237C2F05001D81E7 = {
			isa = PBXGroup;
			children = (
				047A34F9238BB04E009A020B /* lib */,
				043864B7237C2F05001D81E7 /* ConsumerApp */,
				043864CE237C2F07001D81E7 /* ConsumerAppTests */,
				043864D9237C2F07001D81E7 /* ConsumerAppUITests */,
				043864B6237C2F05001D81E7 /* Products */,
			);
			sourceTree = "<group>";
		};
		043864B6237C2F05001D81E7 /* Products */ = {
			isa = PBXGroup;
			children = (
				043864B5237C2F05001D81E7 /* ConsumerApp.app */,
				043864CB237C2F07001D81E7 /* ConsumerAppTests.xctest */,
				043864D6237C2F07001D81E7 /* ConsumerAppUITests.xctest */,
			);
			name = Products;
			sourceTree = "<group>";
		};
		043864B7237C2F05001D81E7 /* ConsumerApp */ = {
			isa = PBXGroup;
			children = (
				043864B8237C2F05001D81E7 /* AppDelegate.swift */,
				043864BA237C2F05001D81E7 /* SceneDelegate.swift */,
				043864BC237C2F05001D81E7 /* ViewController.swift */,
				043864BE237C2F05001D81E7 /* Main.storyboard */,
				043864C1237C2F07001D81E7 /* Assets.xcassets */,
				043864C3237C2F07001D81E7 /* LaunchScreen.storyboard */,
				043864C6237C2F07001D81E7 /* Info.plist */,
			);
			path = ConsumerApp;
			sourceTree = "<group>";
		};
		043864CE237C2F07001D81E7 /* ConsumerAppTests */ = {
			isa = PBXGroup;
			children = (
				043864CF237C2F07001D81E7 /* ConsumerAppTests.swift */,
				043864D1237C2F07001D81E7 /* Info.plist */,
			);
			path = ConsumerAppTests;
			sourceTree = "<group>";
		};
		043864D9237C2F07001D81E7 /* ConsumerAppUITests */ = {
			isa = PBXGroup;
			children = (
				043864DA237C2F07001D81E7 /* ConsumerAppUITests.swift */,
				043864DC237C2F07001D81E7 /* Info.plist */,
			);
			path = ConsumerAppUITests;
			sourceTree = "<group>";
		};
		047A34F9238BB04E009A020B /* lib */ = {
			isa = PBXGroup;
			children = (
				047A3505238BB1F1009A020B /* LoginLibraryResourceBundle.bundle */,
				047A34FA238BB04E009A020B /* libLoginStaticLibrary.a */,
				047A34FB238BB04E009A020B /* LoginStaticLibrary.swiftmodule */,
			);
			path = lib;
			sourceTree = "<group>";
		};
		047A34FB238BB04E009A020B /* LoginStaticLibrary.swiftmodule */ = {
			isa = PBXGroup;
			children = (
				047A34FC238BB04E009A020B /* x86_64-apple-ios-simulator.swiftdoc */,
				047A34FD238BB04E009A020B /* x86_64-apple-ios-simulator.swiftmodule */,
				047A34FE238BB04E009A020B /* x86_64.swiftdoc */,
				047A34FF238BB04E009A020B /* x86_64.swiftmodule */,
			);
			path = LoginStaticLibrary.swiftmodule;
			sourceTree = "<group>";
		};
/* End PBXGroup section */

/* Begin PBXNativeTarget section */
		043864B4237C2F05001D81E7 /* ConsumerApp */ = {
			isa = PBXNativeTarget;
			buildConfigurationList = 043864DF237C2F07001D81E7 /* Build configuration list for PBXNativeTarget "ConsumerApp" */;
			buildPhases = (
				043864B1237C2F05001D81E7 /* Sources */,
				043864B2237C2F05001D81E7 /* Frameworks */,
				043864B3237C2F05001D81E7 /* Resources */,
			);
			buildRules = (
			);
			dependencies = (
			);
			name = ConsumerApp;
			productName = ConsumerApp;
			productReference = 043864B5237C2F05001D81E7 /* ConsumerApp.app */;
			productType = "com.apple.product-type.application";
		};
		043864CA237C2F07001D81E7 /* ConsumerAppTests */ = {
			isa = PBXNativeTarget;
			buildConfigurationList = 043864E2237C2F07001D81E7 /* Build configuration list for PBXNativeTarget "ConsumerAppTests" */;
			buildPhases = (
				043864C7237C2F07001D81E7 /* Sources */,
				043864C8237C2F07001D81E7 /* Frameworks */,
				043864C9237C2F07001D81E7 /* Resources */,
			);
			buildRules = (
			);
			dependencies = (
				043864CD237C2F07001D81E7 /* PBXTargetDependency */,
			);
			name = ConsumerAppTests;
			productName = ConsumerAppTests;
			productReference = 043864CB237C2F07001D81E7 /* ConsumerAppTests.xctest */;
			productType = "com.apple.product-type.bundle.unit-test";
		};
		043864D5237C2F07001D81E7 /* ConsumerAppUITests */ = {
			isa = PBXNativeTarget;
			buildConfigurationList = 043864E5237C2F07001D81E7 /* Build configuration list for PBXNativeTarget "ConsumerAppUITests" */;
			buildPhases = (
				043864D2237C2F07001D81E7 /* Sources */,
				043864D3237C2F07001D81E7 /* Frameworks */,
				043864D4237C2F07001D81E7 /* Resources */,
			);
			buildRules = (
			);
			dependencies = (
				043864D8237C2F07001D81E7 /* PBXTargetDependency */,
			);
			name = ConsumerAppUITests;
			productName = ConsumerAppUITests;
			productReference = 043864D6237C2F07001D81E7 /* ConsumerAppUITests.xctest */;
			productType = "com.apple.product-type.bundle.ui-testing";
		};
/* End PBXNativeTarget section */

/* Begin PBXProject section */
		043864AD237C2F05001D81E7 /* Project object */ = {
			isa = PBXProject;
			attributes = {
				LastSwiftUpdateCheck = 1120;
				LastUpgradeCheck = 1120;
				TargetAttributes = {
					043864B4237C2F05001D81E7 = {
						CreatedOnToolsVersion = 11.2.1;
					};
					043864CA237C2F07001D81E7 = {
						CreatedOnToolsVersion = 11.2.1;
						TestTargetID = 043864B4237C2F05001D81E7;
					};
					043864D5237C2F07001D81E7 = {
						CreatedOnToolsVersion = 11.2.1;
						TestTargetID = 043864B4237C2F05001D81E7;
					};
				};
			};
			buildConfigurationList = 043864B0237C2F05001D81E7 /* Build configuration list for PBXProject "ConsumerApp" */;
			compatibilityVersion = "Xcode 9.3";
			developmentRegion = en;
			hasScannedForEncodings = 0;
			knownRegions = (
				en,
				Base,
			);
			mainGroup = 043864AC237C2F05001D81E7;
			productRefGroup = 043864B6237C2F05001D81E7 /* Products */;
			projectDirPath = "";
			projectRoot = "";
			targets = (
				043864B4237C2F05001D81E7 /* ConsumerApp */,
				043864CA237C2F07001D81E7 /* ConsumerAppTests */,
				043864D5237C2F07001D81E7 /* ConsumerAppUITests */,
			);
		};
/* End PBXProject section */

/* Begin PBXResourcesBuildPhase section */
		043864B3237C2F05001D81E7 /* Resources */ = {
			isa = PBXResourcesBuildPhase;
			buildActionMask = 2147483647;
			files = (
				047A3504238BB04E009A020B /* x86_64.swiftmodule in Resources */,
				047A3502238BB04E009A020B /* x86_64-apple-ios-simulator.swiftmodule in Resources */,
				047A3503238BB04E009A020B /* x86_64.swiftdoc in Resources */,
				047A3506238BB1F1009A020B /* LoginLibraryResourceBundle.bundle in Resources */,
				043864C5237C2F07001D81E7 /* LaunchScreen.storyboard in Resources */,
				043864C2237C2F07001D81E7 /* Assets.xcassets in Resources */,
				043864C0237C2F05001D81E7 /* Main.storyboard in Resources */,
				047A3501238BB04E009A020B /* x86_64-apple-ios-simulator.swiftdoc in Resources */,
			);
			runOnlyForDeploymentPostprocessing = 0;
		};
		043864C9237C2F07001D81E7 /* Resources */ = {
			isa = PBXResourcesBuildPhase;
			buildActionMask = 2147483647;
			files = (
			);
			runOnlyForDeploymentPostprocessing = 0;
		};
		043864D4237C2F07001D81E7 /* Resources */ = {
			isa = PBXResourcesBuildPhase;
			buildActionMask = 2147483647;
			files = (
			);
			runOnlyForDeploymentPostprocessing = 0;
		};
/* End PBXResourcesBuildPhase section */

/* Begin PBXSourcesBuildPhase section */
		043864B1237C2F05001D81E7 /* Sources */ = {
			isa = PBXSourcesBuildPhase;
			buildActionMask = 2147483647;
			files = (
				043864BD237C2F05001D81E7 /* ViewController.swift in Sources */,
				043864B9237C2F05001D81E7 /* AppDelegate.swift in Sources */,
				043864BB237C2F05001D81E7 /* SceneDelegate.swift in Sources */,
			);
			runOnlyForDeploymentPostprocessing = 0;
		};
		043864C7237C2F07001D81E7 /* Sources */ = {
			isa = PBXSourcesBuildPhase;
			buildActionMask = 2147483647;
			files = (
				043864D0237C2F07001D81E7 /* ConsumerAppTests.swift in Sources */,
			);
			runOnlyForDeploymentPostprocessing = 0;
		};
		043864D2237C2F07001D81E7 /* Sources */ = {
			isa = PBXSourcesBuildPhase;
			buildActionMask = 2147483647;
			files = (
				043864DB237C2F07001D81E7 /* ConsumerAppUITests.swift in Sources */,
			);
			runOnlyForDeploymentPostprocessing = 0;
		};
/* End PBXSourcesBuildPhase section */

/* Begin PBXTargetDependency section */
		043864CD237C2F07001D81E7 /* PBXTargetDependency */ = {
			isa = PBXTargetDependency;
			target = 043864B4237C2F05001D81E7 /* ConsumerApp */;
			targetProxy = 043864CC237C2F07001D81E7 /* PBXContainerItemProxy */;
		};
		043864D8237C2F07001D81E7 /* PBXTargetDependency */ = {
			isa = PBXTargetDependency;
			target = 043864B4237C2F05001D81E7 /* ConsumerApp */;
			targetProxy = 043864D7237C2F07001D81E7 /* PBXContainerItemProxy */;
		};
/* End PBXTargetDependency section */

/* Begin PBXVariantGroup section */
		043864BE237C2F05001D81E7 /* Main.storyboard */ = {
			isa = PBXVariantGroup;
			children = (
				043864BF237C2F05001D81E7 /* Base */,
			);
			name = Main.storyboard;
			sourceTree = "<group>";
		};
		043864C3237C2F07001D81E7 /* LaunchScreen.storyboard */ = {
			isa = PBXVariantGroup;
			children = (
				043864C4237C2F07001D81E7 /* Base */,
			);
			name = LaunchScreen.storyboard;
			sourceTree = "<group>";
		};
/* End PBXVariantGroup section */

/* Begin XCBuildConfiguration section */
		043864DD237C2F07001D81E7 /* Debug */ = {
			isa = XCBuildConfiguration;
			buildSettings = {
				ALWAYS_SEARCH_USER_PATHS = NO;
				CLANG_ANALYZER_NONNULL = YES;
				CLANG_ANALYZER_NUMBER_OBJECT_CONVERSION = YES_AGGRESSIVE;
				CLANG_CXX_LANGUAGE_STANDARD = "gnu++14";
				CLANG_CXX_LIBRARY = "libc++";
				CLANG_ENABLE_MODULES = YES;
				CLANG_ENABLE_OBJC_ARC = YES;
				CLANG_ENABLE_OBJC_WEAK = YES;
				CLANG_WARN_BLOCK_CAPTURE_AUTORELEASING = YES;
				CLANG_WARN_BOOL_CONVERSION = YES;
				CLANG_WARN_COMMA = YES;
				CLANG_WARN_CONSTANT_CONVERSION = YES;
				CLANG_WARN_DEPRECATED_OBJC_IMPLEMENTATIONS = YES;
				CLANG_WARN_DIRECT_OBJC_ISA_USAGE = YES_ERROR;
				CLANG_WARN_DOCUMENTATION_COMMENTS = YES;
				CLANG_WARN_EMPTY_BODY = YES;
				CLANG_WARN_ENUM_CONVERSION = YES;
				CLANG_WARN_INFINITE_RECURSION = YES;
				CLANG_WARN_INT_CONVERSION = YES;
				CLANG_WARN_NON_LITERAL_NULL_CONVERSION = YES;
				CLANG_WARN_OBJC_IMPLICIT_RETAIN_SELF = YES;
				CLANG_WARN_OBJC_LITERAL_CONVERSION = YES;
				CLANG_WARN_OBJC_ROOT_CLASS = YES_ERROR;
				CLANG_WARN_RANGE_LOOP_ANALYSIS = YES;
				CLANG_WARN_STRICT_PROTOTYPES = YES;
				CLANG_WARN_SUSPICIOUS_MOVE = YES;
				CLANG_WARN_UNGUARDED_AVAILABILITY = YES_AGGRESSIVE;
				CLANG_WARN_UNREACHABLE_CODE = YES;
				CLANG_WARN__DUPLICATE_METHOD_MATCH = YES;
				COPY_PHASE_STRIP = NO;
				DEBUG_INFORMATION_FORMAT = dwarf;
				ENABLE_STRICT_OBJC_MSGSEND = YES;
				ENABLE_TESTABILITY = YES;
				GCC_C_LANGUAGE_STANDARD = gnu11;
				GCC_DYNAMIC_NO_PIC = NO;
				GCC_NO_COMMON_BLOCKS = YES;
				GCC_OPTIMIZATION_LEVEL = 0;
				GCC_PREPROCESSOR_DEFINITIONS = (
					"DEBUG=1",
					"$(inherited)",
				);
				GCC_WARN_64_TO_32_BIT_CONVERSION = YES;
				GCC_WARN_ABOUT_RETURN_TYPE = YES_ERROR;
				GCC_WARN_UNDECLARED_SELECTOR = YES;
				GCC_WARN_UNINITIALIZED_AUTOS = YES_AGGRESSIVE;
				GCC_WARN_UNUSED_FUNCTION = YES;
				GCC_WARN_UNUSED_VARIABLE = YES;
				IPHONEOS_DEPLOYMENT_TARGET = 13.2;
				MTL_ENABLE_DEBUG_INFO = INCLUDE_SOURCE;
				MTL_FAST_MATH = YES;
				ONLY_ACTIVE_ARCH = YES;
				SDKROOT = iphoneos;
				SWIFT_ACTIVE_COMPILATION_CONDITIONS = DEBUG;
				SWIFT_OPTIMIZATION_LEVEL = "-Onone";
			};
			name = Debug;
		};
		043864DE237C2F07001D81E7 /* Release */ = {
			isa = XCBuildConfiguration;
			buildSettings = {
				ALWAYS_SEARCH_USER_PATHS = NO;
				CLANG_ANALYZER_NONNULL = YES;
				CLANG_ANALYZER_NUMBER_OBJECT_CONVERSION = YES_AGGRESSIVE;
				CLANG_CXX_LANGUAGE_STANDARD = "gnu++14";
				CLANG_CXX_LIBRARY = "libc++";
				CLANG_ENABLE_MODULES = YES;
				CLANG_ENABLE_OBJC_ARC = YES;
				CLANG_ENABLE_OBJC_WEAK = YES;
				CLANG_WARN_BLOCK_CAPTURE_AUTORELEASING = YES;
				CLANG_WARN_BOOL_CONVERSION = YES;
				CLANG_WARN_COMMA = YES;
				CLANG_WARN_CONSTANT_CONVERSION = YES;
				CLANG_WARN_DEPRECATED_OBJC_IMPLEMENTATIONS = YES;
				CLANG_WARN_DIRECT_OBJC_ISA_USAGE = YES_ERROR;
				CLANG_WARN_DOCUMENTATION_COMMENTS = YES;
				CLANG_WARN_EMPTY_BODY = YES;
				CLANG_WARN_ENUM_CONVERSION = YES;
				CLANG_WARN_INFINITE_RECURSION = YES;
				CLANG_WARN_INT_CONVERSION = YES;
				CLANG_WARN_NON_LITERAL_NULL_CONVERSION = YES;
				CLANG_WARN_OBJC_IMPLICIT_RETAIN_SELF = YES;
				CLANG_WARN_OBJC_LITERAL_CONVERSION = YES;
				CLANG_WARN_OBJC_ROOT_CLASS = YES_ERROR;
				CLANG_WARN_RANGE_LOOP_ANALYSIS = YES;
				CLANG_WARN_STRICT_PROTOTYPES = YES;
				CLANG_WARN_SUSPICIOUS_MOVE = YES;
				CLANG_WARN_UNGUARDED_AVAILABILITY = YES_AGGRESSIVE;
				CLANG_WARN_UNREACHABLE_CODE = YES;
				CLANG_WARN__DUPLICATE_METHOD_MATCH = YES;
				COPY_PHASE_STRIP = NO;
				DEBUG_INFORMATION_FORMAT = "dwarf-with-dsym";
				ENABLE_NS_ASSERTIONS = NO;
				ENABLE_STRICT_OBJC_MSGSEND = YES;
				GCC_C_LANGUAGE_STANDARD = gnu11;
				GCC_NO_COMMON_BLOCKS = YES;
				GCC_WARN_64_TO_32_BIT_CONVERSION = YES;
				GCC_WARN_ABOUT_RETURN_TYPE = YES_ERROR;
				GCC_WARN_UNDECLARED_SELECTOR = YES;
				GCC_WARN_UNINITIALIZED_AUTOS = YES_AGGRESSIVE;
				GCC_WARN_UNUSED_FUNCTION = YES;
				GCC_WARN_UNUSED_VARIABLE = YES;
				IPHONEOS_DEPLOYMENT_TARGET = 13.2;
				MTL_ENABLE_DEBUG_INFO = NO;
				MTL_FAST_MATH = YES;
				SDKROOT = iphoneos;
				SWIFT_COMPILATION_MODE = wholemodule;
				SWIFT_OPTIMIZATION_LEVEL = "-O";
				VALIDATE_PRODUCT = YES;
			};
			name = Release;
		};
		043864E0237C2F07001D81E7 /* Debug */ = {
			isa = XCBuildConfiguration;
			buildSettings = {
				ASSETCATALOG_COMPILER_APPICON_NAME = AppIcon;
				CODE_SIGN_STYLE = Automatic;
				INFOPLIST_FILE = ConsumerApp/Info.plist;
				LD_RUNPATH_SEARCH_PATHS = (
					"$(inherited)",
					"@executable_path/Frameworks",
				);
				LIBRARY_SEARCH_PATHS = (
					"$(inherited)",
					"$(PROJECT_DIR)/ConsumerApp",
					"$(PROJECT_DIR)/lib",
				);
				PRODUCT_BUNDLE_IDENTIFIER = com.loginLibrary.consumerapp.ConsumerApp;
				PRODUCT_NAME = "$(TARGET_NAME)";
				SWIFT_INCLUDE_PATHS = "$(PROJECT_DIR)/lib";
				SWIFT_VERSION = 5.0;
				TARGETED_DEVICE_FAMILY = "1,2";
			};
			name = Debug;
		};
		043864E1237C2F07001D81E7 /* Release */ = {
			isa = XCBuildConfiguration;
			buildSettings = {
				ASSETCATALOG_COMPILER_APPICON_NAME = AppIcon;
				CODE_SIGN_STYLE = Automatic;
				INFOPLIST_FILE = ConsumerApp/Info.plist;
				LD_RUNPATH_SEARCH_PATHS = (
					"$(inherited)",
					"@executable_path/Frameworks",
				);
				LIBRARY_SEARCH_PATHS = (
					"$(inherited)",
					"$(PROJECT_DIR)/ConsumerApp",
					"$(PROJECT_DIR)/lib",
				);
				PRODUCT_BUNDLE_IDENTIFIER = com.loginLibrary.consumerapp.ConsumerApp;
				PRODUCT_NAME = "$(TARGET_NAME)";
				SWIFT_INCLUDE_PATHS = "$(PROJECT_DIR)/lib";
				SWIFT_VERSION = 5.0;
				TARGETED_DEVICE_FAMILY = "1,2";
			};
			name = Release;
		};
		043864E3237C2F07001D81E7 /* Debug */ = {
			isa = XCBuildConfiguration;
			buildSettings = {
				ALWAYS_EMBED_SWIFT_STANDARD_LIBRARIES = YES;
				BUNDLE_LOADER = "$(TEST_HOST)";
				CODE_SIGN_STYLE = Automatic;
				INFOPLIST_FILE = ConsumerAppTests/Info.plist;
				IPHONEOS_DEPLOYMENT_TARGET = 13.2;
				LD_RUNPATH_SEARCH_PATHS = (
					"$(inherited)",
					"@executable_path/Frameworks",
					"@loader_path/Frameworks",
				);
				PRODUCT_BUNDLE_IDENTIFIER = com.loginLibrary.consumerapp.ConsumerAppTests;
				PRODUCT_NAME = "$(TARGET_NAME)";
				SWIFT_VERSION = 5.0;
				TARGETED_DEVICE_FAMILY = "1,2";
				TEST_HOST = "$(BUILT_PRODUCTS_DIR)/ConsumerApp.app/ConsumerApp";
			};
			name = Debug;
		};
		043864E4237C2F07001D81E7 /* Release */ = {
			isa = XCBuildConfiguration;
			buildSettings = {
				ALWAYS_EMBED_SWIFT_STANDARD_LIBRARIES = YES;
				BUNDLE_LOADER = "$(TEST_HOST)";
				CODE_SIGN_STYLE = Automatic;
				INFOPLIST_FILE = ConsumerAppTests/Info.plist;
				IPHONEOS_DEPLOYMENT_TARGET = 13.2;
				LD_RUNPATH_SEARCH_PATHS = (
					"$(inherited)",
					"@executable_path/Frameworks",
					"@loader_path/Frameworks",
				);
				PRODUCT_BUNDLE_IDENTIFIER = com.loginLibrary.consumerapp.ConsumerAppTests;
				PRODUCT_NAME = "$(TARGET_NAME)";
				SWIFT_VERSION = 5.0;
				TARGETED_DEVICE_FAMILY = "1,2";
				TEST_HOST = "$(BUILT_PRODUCTS_DIR)/ConsumerApp.app/ConsumerApp";
			};
			name = Release;
		};
		043864E6237C2F07001D81E7 /* Debug */ = {
			isa = XCBuildConfiguration;
			buildSettings = {
				ALWAYS_EMBED_SWIFT_STANDARD_LIBRARIES = YES;
				CODE_SIGN_STYLE = Automatic;
				INFOPLIST_FILE = ConsumerAppUITests/Info.plist;
				LD_RUNPATH_SEARCH_PATHS = (
					"$(inherited)",
					"@executable_path/Frameworks",
					"@loader_path/Frameworks",
				);
				PRODUCT_BUNDLE_IDENTIFIER = com.loginLibrary.consumerapp.ConsumerAppUITests;
				PRODUCT_NAME = "$(TARGET_NAME)";
				SWIFT_VERSION = 5.0;
				TARGETED_DEVICE_FAMILY = "1,2";
				TEST_TARGET_NAME = ConsumerApp;
			};
			name = Debug;
		};
		043864E7237C2F07001D81E7 /* Release */ = {
			isa = XCBuildConfiguration;
			buildSettings = {
				ALWAYS_EMBED_SWIFT_STANDARD_LIBRARIES = YES;
				CODE_SIGN_STYLE = Automatic;
				INFOPLIST_FILE = ConsumerAppUITests/Info.plist;
				LD_RUNPATH_SEARCH_PATHS = (
					"$(inherited)",
					"@executable_path/Frameworks",
					"@loader_path/Frameworks",
				);
				PRODUCT_BUNDLE_IDENTIFIER = com.loginLibrary.consumerapp.ConsumerAppUITests;
				PRODUCT_NAME = "$(TARGET_NAME)";
				SWIFT_VERSION = 5.0;
				TARGETED_DEVICE_FAMILY = "1,2";
				TEST_TARGET_NAME = ConsumerApp;
			};
			name = Release;
		};
/* End XCBuildConfiguration section */

/* Begin XCConfigurationList section */
		043864B0237C2F05001D81E7 /* Build configuration list for PBXProject "ConsumerApp" */ = {
			isa = XCConfigurationList;
			buildConfigurations = (
				043864DD237C2F07001D81E7 /* Debug */,
				043864DE237C2F07001D81E7 /* Release */,
			);
			defaultConfigurationIsVisible = 0;
			defaultConfigurationName = Release;
		};
		043864DF237C2F07001D81E7 /* Build configuration list for PBXNativeTarget "ConsumerApp" */ = {
			isa = XCConfigurationList;
			buildConfigurations = (
				043864E0237C2F07001D81E7 /* Debug */,
				043864E1237C2F07001D81E7 /* Release */,
			);
			defaultConfigurationIsVisible = 0;
			defaultConfigurationName = Release;
		};
		043864E2237C2F07001D81E7 /* Build configuration list for PBXNativeTarget "ConsumerAppTests" */ = {
			isa = XCConfigurationList;
			buildConfigurations = (
				043864E3237C2F07001D81E7 /* Debug */,
				043864E4237C2F07001D81E7 /* Release */,
			);
			defaultConfigurationIsVisible = 0;
			defaultConfigurationName = Release;
		};
		043864E5237C2F07001D81E7 /* Build configuration list for PBXNativeTarget "ConsumerAppUITests" */ = {
			isa = XCConfigurationList;
			buildConfigurations = (
				043864E6237C2F07001D81E7 /* Debug */,
				043864E7237C2F07001D81E7 /* Release */,
			);
			defaultConfigurationIsVisible = 0;
			defaultConfigurationName = Release;
		};
/* End XCConfigurationList section */
	};
	rootObject = 043864AD237C2F05001D81E7 /* Project object */;
}
